// !$*UTF8*$!
{
	archiveVersion = 1;
	classes = {
	};
	objectVersion = 46;
	objects = {

/* Begin PBXBuildFile section */
		BA8E455B138FB18B00BC3827 /* NSObject+SBJSON.m in Sources */ = {isa = PBXBuildFile; fileRef = BA8E4550138FB18B00BC3827 /* NSObject+SBJSON.m */; };
		BA8E455C138FB18B00BC3827 /* NSString+SBJSON.m in Sources */ = {isa = PBXBuildFile; fileRef = BA8E4552138FB18B00BC3827 /* NSString+SBJSON.m */; };
		BA8E455D138FB18B00BC3827 /* SBJSON.m in Sources */ = {isa = PBXBuildFile; fileRef = BA8E4554138FB18B00BC3827 /* SBJSON.m */; };
		BA8E455E138FB18B00BC3827 /* SBJsonBase.m in Sources */ = {isa = PBXBuildFile; fileRef = BA8E4556138FB18B00BC3827 /* SBJsonBase.m */; };
		BA8E455F138FB18B00BC3827 /* SBJsonParser.m in Sources */ = {isa = PBXBuildFile; fileRef = BA8E4558138FB18B00BC3827 /* SBJsonParser.m */; };
		BA8E4560138FB18B00BC3827 /* SBJsonWriter.m in Sources */ = {isa = PBXBuildFile; fileRef = BA8E455A138FB18B00BC3827 /* SBJsonWriter.m */; };
		BAD7B331138FB04F0070E67D /* UIKit.framework in Frameworks */ = {isa = PBXBuildFile; fileRef = BAD7B330138FB04F0070E67D /* UIKit.framework */; };
		BAD7B333138FB04F0070E67D /* Foundation.framework in Frameworks */ = {isa = PBXBuildFile; fileRef = BAD7B332138FB04F0070E67D /* Foundation.framework */; };
		BAD7B335138FB04F0070E67D /* CoreGraphics.framework in Frameworks */ = {isa = PBXBuildFile; fileRef = BAD7B334138FB04F0070E67D /* CoreGraphics.framework */; };
		BAD7B33B138FB04F0070E67D /* InfoPlist.strings in Resources */ = {isa = PBXBuildFile; fileRef = BAD7B339138FB04F0070E67D /* InfoPlist.strings */; };
		BAD7B33E138FB04F0070E67D /* main.m in Sources */ = {isa = PBXBuildFile; fileRef = BAD7B33D138FB04F0070E67D /* main.m */; };
		BAD7B341138FB04F0070E67D /* xo_jsonAppDelegate.m in Sources */ = {isa = PBXBuildFile; fileRef = BAD7B340138FB04F0070E67D /* xo_jsonAppDelegate.m */; };
		BAD7B344138FB04F0070E67D /* MainWindow.xib in Resources */ = {isa = PBXBuildFile; fileRef = BAD7B342138FB04F0070E67D /* MainWindow.xib */; };
		BAD7B347138FB04F0070E67D /* RootViewController.m in Sources */ = {isa = PBXBuildFile; fileRef = BAD7B346138FB04F0070E67D /* RootViewController.m */; };
		BAD7B34A138FB04F0070E67D /* RootViewController.xib in Resources */ = {isa = PBXBuildFile; fileRef = BAD7B348138FB04F0070E67D /* RootViewController.xib */; };
/* End PBXBuildFile section */

/* Begin PBXFileReference section */
		BA8E454E138FB18B00BC3827 /* JSON.h */ = {isa = PBXFileReference; fileEncoding = 4; lastKnownFileType = sourcecode.c.h; path = JSON.h; sourceTree = "<group>"; };
		BA8E454F138FB18B00BC3827 /* NSObject+SBJSON.h */ = {isa = PBXFileReference; fileEncoding = 4; lastKnownFileType = sourcecode.c.h; path = "NSObject+SBJSON.h"; sourceTree = "<group>"; };
		BA8E4550138FB18B00BC3827 /* NSObject+SBJSON.m */ = {isa = PBXFileReference; fileEncoding = 4; lastKnownFileType = sourcecode.c.objc; path = "NSObject+SBJSON.m"; sourceTree = "<group>"; };
		BA8E4551138FB18B00BC3827 /* NSString+SBJSON.h */ = {isa = PBXFileReference; fileEncoding = 4; lastKnownFileType = sourcecode.c.h; path = "NSString+SBJSON.h"; sourceTree = "<group>"; };
		BA8E4552138FB18B00BC3827 /* NSString+SBJSON.m */ = {isa = PBXFileReference; fileEncoding = 4; lastKnownFileType = sourcecode.c.objc; path = "NSString+SBJSON.m"; sourceTree = "<group>"; };
		BA8E4553138FB18B00BC3827 /* SBJSON.h */ = {isa = PBXFileReference; fileEncoding = 4; lastKnownFileType = sourcecode.c.h; path = SBJSON.h; sourceTree = "<group>"; };
		BA8E4554138FB18B00BC3827 /* SBJSON.m */ = {isa = PBXFileReference; fileEncoding = 4; lastKnownFileType = sourcecode.c.objc; path = SBJSON.m; sourceTree = "<group>"; };
		BA8E4555138FB18B00BC3827 /* SBJsonBase.h */ = {isa = PBXFileReference; fileEncoding = 4; lastKnownFileType = sourcecode.c.h; path = SBJsonBase.h; sourceTree = "<group>"; };
		BA8E4556138FB18B00BC3827 /* SBJsonBase.m */ = {isa = PBXFileReference; fileEncoding = 4; lastKnownFileType = sourcecode.c.objc; path = SBJsonBase.m; sourceTree = "<group>"; };
		BA8E4557138FB18B00BC3827 /* SBJsonParser.h */ = {isa = PBXFileReference; fileEncoding = 4; lastKnownFileType = sourcecode.c.h; path = SBJsonParser.h; sourceTree = "<group>"; };
		BA8E4558138FB18B00BC3827 /* SBJsonParser.m */ = {isa = PBXFileReference; fileEncoding = 4; lastKnownFileType = sourcecode.c.objc; path = SBJsonParser.m; sourceTree = "<group>"; };
		BA8E4559138FB18B00BC3827 /* SBJsonWriter.h */ = {isa = PBXFileReference; fileEncoding = 4; lastKnownFileType = sourcecode.c.h; path = SBJsonWriter.h; sourceTree = "<group>"; };
		BA8E455A138FB18B00BC3827 /* SBJsonWriter.m */ = {isa = PBXFileReference; fileEncoding = 4; lastKnownFileType = sourcecode.c.objc; path = SBJsonWriter.m; sourceTree = "<group>"; };
		BAD7B32C138FB04F0070E67D /* xo-json.app */ = {isa = PBXFileReference; explicitFileType = wrapper.application; includeInIndex = 0; path = "xo-json.app"; sourceTree = BUILT_PRODUCTS_DIR; };
		BAD7B330138FB04F0070E67D /* UIKit.framework */ = {isa = PBXFileReference; lastKnownFileType = wrapper.framework; name = UIKit.framework; path = System/Library/Frameworks/UIKit.framework; sourceTree = SDKROOT; };
		BAD7B332138FB04F0070E67D /* Foundation.framework */ = {isa = PBXFileReference; lastKnownFileType = wrapper.framework; name = Foundation.framework; path = System/Library/Frameworks/Foundation.framework; sourceTree = SDKROOT; };
		BAD7B334138FB04F0070E67D /* CoreGraphics.framework */ = {isa = PBXFileReference; lastKnownFileType = wrapper.framework; name = CoreGraphics.framework; path = System/Library/Frameworks/CoreGraphics.framework; sourceTree = SDKROOT; };
		BAD7B338138FB04F0070E67D /* xo-json-Info.plist */ = {isa = PBXFileReference; lastKnownFileType = text.plist.xml; path = "xo-json-Info.plist"; sourceTree = "<group>"; };
		BAD7B33A138FB04F0070E67D /* en */ = {isa = PBXFileReference; lastKnownFileType = text.plist.strings; name = en; path = en.lproj/InfoPlist.strings; sourceTree = "<group>"; };
		BAD7B33C138FB04F0070E67D /* xo-json-Prefix.pch */ = {isa = PBXFileReference; lastKnownFileType = sourcecode.c.h; path = "xo-json-Prefix.pch"; sourceTree = "<group>"; };
		BAD7B33D138FB04F0070E67D /* main.m */ = {isa = PBXFileReference; lastKnownFileType = sourcecode.c.objc; path = main.m; sourceTree = "<group>"; };
		BAD7B33F138FB04F0070E67D /* xo_jsonAppDelegate.h */ = {isa = PBXFileReference; lastKnownFileType = sourcecode.c.h; path = xo_jsonAppDelegate.h; sourceTree = "<group>"; };
		BAD7B340138FB04F0070E67D /* xo_jsonAppDelegate.m */ = {isa = PBXFileReference; lastKnownFileType = sourcecode.c.objc; path = xo_jsonAppDelegate.m; sourceTree = "<group>"; };
		BAD7B343138FB04F0070E67D /* en */ = {isa = PBXFileReference; lastKnownFileType = file.xib; name = en; path = en.lproj/MainWindow.xib; sourceTree = "<group>"; };
		BAD7B345138FB04F0070E67D /* RootViewController.h */ = {isa = PBXFileReference; lastKnownFileType = sourcecode.c.h; path = RootViewController.h; sourceTree = "<group>"; };
		BAD7B346138FB04F0070E67D /* RootViewController.m */ = {isa = PBXFileReference; lastKnownFileType = sourcecode.c.objc; path = RootViewController.m; sourceTree = "<group>"; };
		BAD7B349138FB04F0070E67D /* en */ = {isa = PBXFileReference; lastKnownFileType = file.xib; name = en; path = en.lproj/RootViewController.xib; sourceTree = "<group>"; };
/* End PBXFileReference section */

/* Begin PBXFrameworksBuildPhase section */
		BAD7B329138FB04F0070E67D /* Frameworks */ = {
			isa = PBXFrameworksBuildPhase;
			buildActionMask = 2147483647;
			files = (
				BAD7B331138FB04F0070E67D /* UIKit.framework in Frameworks */,
				BAD7B333138FB04F0070E67D /* Foundation.framework in Frameworks */,
				BAD7B335138FB04F0070E67D /* CoreGraphics.framework in Frameworks */,
			);
			runOnlyForDeploymentPostprocessing = 0;
		};
/* End PBXFrameworksBuildPhase section */

/* Begin PBXGroup section */
		BAD7B321138FB04F0070E67D = {
			isa = PBXGroup;
			children = (
				BAD7B351138FB0BF0070E67D /* JSON */,
				BAD7B336138FB04F0070E67D /* xo-json */,
				BAD7B32F138FB04F0070E67D /* Frameworks */,
				BAD7B32D138FB04F0070E67D /* Products */,
			);
			sourceTree = "<group>";
		};
		BAD7B32D138FB04F0070E67D /* Products */ = {
			isa = PBXGroup;
			children = (
				BAD7B32C138FB04F0070E67D /* xo-json.app */,
			);
			name = Products;
			sourceTree = "<group>";
		};
		BAD7B32F138FB04F0070E67D /* Frameworks */ = {
			isa = PBXGroup;
			children = (
				BAD7B330138FB04F0070E67D /* UIKit.framework */,
				BAD7B332138FB04F0070E67D /* Foundation.framework */,
				BAD7B334138FB04F0070E67D /* CoreGraphics.framework */,
			);
			name = Frameworks;
			sourceTree = "<group>";
		};
		BAD7B336138FB04F0070E67D /* xo-json */ = {
			isa = PBXGroup;
			children = (
				BAD7B33F138FB04F0070E67D /* xo_jsonAppDelegate.h */,
				BAD7B340138FB04F0070E67D /* xo_jsonAppDelegate.m */,
				BAD7B342138FB04F0070E67D /* MainWindow.xib */,
				BAD7B345138FB04F0070E67D /* RootViewController.h */,
				BAD7B346138FB04F0070E67D /* RootViewController.m */,
				BAD7B348138FB04F0070E67D /* RootViewController.xib */,
				BAD7B337138FB04F0070E67D /* Supporting Files */,
			);
			path = "xo-json";
			sourceTree = "<group>";
		};
		BAD7B337138FB04F0070E67D /* Supporting Files */ = {
			isa = PBXGroup;
			children = (
				BAD7B338138FB04F0070E67D /* xo-json-Info.plist */,
				BAD7B339138FB04F0070E67D /* InfoPlist.strings */,
				BAD7B33C138FB04F0070E67D /* xo-json-Prefix.pch */,
				BAD7B33D138FB04F0070E67D /* main.m */,
			);
			name = "Supporting Files";
			sourceTree = "<group>";
		};
		BAD7B351138FB0BF0070E67D /* JSON */ = {
			isa = PBXGroup;
			children = (
				BA8E454E138FB18B00BC3827 /* JSON.h */,
				BA8E454F138FB18B00BC3827 /* NSObject+SBJSON.h */,
				BA8E4550138FB18B00BC3827 /* NSObject+SBJSON.m */,
				BA8E4551138FB18B00BC3827 /* NSString+SBJSON.h */,
				BA8E4552138FB18B00BC3827 /* NSString+SBJSON.m */,
				BA8E4553138FB18B00BC3827 /* SBJSON.h */,
				BA8E4554138FB18B00BC3827 /* SBJSON.m */,
				BA8E4555138FB18B00BC3827 /* SBJsonBase.h */,
				BA8E4556138FB18B00BC3827 /* SBJsonBase.m */,
				BA8E4557138FB18B00BC3827 /* SBJsonParser.h */,
				BA8E4558138FB18B00BC3827 /* SBJsonParser.m */,
				BA8E4559138FB18B00BC3827 /* SBJsonWriter.h */,
				BA8E455A138FB18B00BC3827 /* SBJsonWriter.m */,
			);
			name = JSON;
			sourceTree = "<group>";
		};
/* End PBXGroup section */

/* Begin PBXNativeTarget section */
		BAD7B32B138FB04F0070E67D /* xo-json */ = {
			isa = PBXNativeTarget;
			buildConfigurationList = BAD7B34D138FB04F0070E67D /* Build configuration list for PBXNativeTarget "xo-json" */;
			buildPhases = (
				BAD7B328138FB04F0070E67D /* Sources */,
				BAD7B329138FB04F0070E67D /* Frameworks */,
				BAD7B32A138FB04F0070E67D /* Resources */,
			);
			buildRules = (
			);
			dependencies = (
			);
			name = "xo-json";
			productName = "xo-json";
			productReference = BAD7B32C138FB04F0070E67D /* xo-json.app */;
			productType = "com.apple.product-type.application";
		};
/* End PBXNativeTarget section */

/* Begin PBXProject section */
		BAD7B323138FB04F0070E67D /* Project object */ = {
			isa = PBXProject;
			buildConfigurationList = BAD7B326138FB04F0070E67D /* Build configuration list for PBXProject "xo-json" */;
			compatibilityVersion = "Xcode 3.2";
			developmentRegion = English;
			hasScannedForEncodings = 0;
			knownRegions = (
				en,
			);
			mainGroup = BAD7B321138FB04F0070E67D;
			productRefGroup = BAD7B32D138FB04F0070E67D /* Products */;
			projectDirPath = "";
			projectRoot = "";
			targets = (
				BAD7B32B138FB04F0070E67D /* xo-json */,
			);
		};
/* End PBXProject section */

/* Begin PBXResourcesBuildPhase section */
		BAD7B32A138FB04F0070E67D /* Resources */ = {
			isa = PBXResourcesBuildPhase;
			buildActionMask = 2147483647;
			files = (
				BAD7B33B138FB04F0070E67D /* InfoPlist.strings in Resources */,
				BAD7B344138FB04F0070E67D /* MainWindow.xib in Resources */,
				BAD7B34A138FB04F0070E67D /* RootViewController.xib in Resources */,
			);
			runOnlyForDeploymentPostprocessing = 0;
		};
/* End PBXResourcesBuildPhase section */

/* Begin PBXSourcesBuildPhase section */
		BAD7B328138FB04F0070E67D /* Sources */ = {
			isa = PBXSourcesBuildPhase;
			buildActionMask = 2147483647;
			files = (
				BAD7B33E138FB04F0070E67D /* main.m in Sources */,
				BAD7B341138FB04F0070E67D /* xo_jsonAppDelegate.m in Sources */,
				BAD7B347138FB04F0070E67D /* RootViewController.m in Sources */,
				BA8E455B138FB18B00BC3827 /* NSObject+SBJSON.m in Sources */,
				BA8E455C138FB18B00BC3827 /* NSString+SBJSON.m in Sources */,
				BA8E455D138FB18B00BC3827 /* SBJSON.m in Sources */,
				BA8E455E138FB18B00BC3827 /* SBJsonBase.m in Sources */,
				BA8E455F138FB18B00BC3827 /* SBJsonParser.m in Sources */,
				BA8E4560138FB18B00BC3827 /* SBJsonWriter.m in Sources */,
			);
			runOnlyForDeploymentPostprocessing = 0;
		};
/* End PBXSourcesBuildPhase section */

/* Begin PBXVariantGroup section */
		BAD7B339138FB04F0070E67D /* InfoPlist.strings */ = {
			isa = PBXVariantGroup;
			children = (
				BAD7B33A138FB04F0070E67D /* en */,
			);
			name = InfoPlist.strings;
			sourceTree = "<group>";
		};
		BAD7B342138FB04F0070E67D /* MainWindow.xib */ = {
			isa = PBXVariantGroup;
			children = (
				BAD7B343138FB04F0070E67D /* en */,
			);
			name = MainWindow.xib;
			sourceTree = "<group>";
		};
		BAD7B348138FB04F0070E67D /* RootViewController.xib */ = {
			isa = PBXVariantGroup;
			children = (
				BAD7B349138FB04F0070E67D /* en */,
			);
			name = RootViewController.xib;
			sourceTree = "<group>";
		};
/* End PBXVariantGroup section */

/* Begin XCBuildConfiguration section */
		BAD7B34B138FB04F0070E67D /* Debug */ = {
			isa = XCBuildConfiguration;
			buildSettings = {
				ARCHS = "$(ARCHS_STANDARD_32_BIT)";
				"CODE_SIGN_IDENTITY[sdk=iphoneos*]" = "iPhone Developer";
				GCC_C_LANGUAGE_STANDARD = gnu99;
				GCC_OPTIMIZATION_LEVEL = 0;
				GCC_PREPROCESSOR_DEFINITIONS = DEBUG;
				GCC_SYMBOLS_PRIVATE_EXTERN = NO;
				GCC_VERSION = com.apple.compilers.llvmgcc42;
				GCC_WARN_ABOUT_RETURN_TYPE = YES;
				GCC_WARN_UNUSED_VARIABLE = YES;
				IPHONEOS_DEPLOYMENT_TARGET = 4.3;
				SDKROOT = iphoneos;
			};
			name = Debug;
		};
		BAD7B34C138FB04F0070E67D /* Release */ = {
			isa = XCBuildConfiguration;
			buildSettings = {
				ARCHS = "$(ARCHS_STANDARD_32_BIT)";
				"CODE_SIGN_IDENTITY[sdk=iphoneos*]" = "iPhone Developer";
				GCC_C_LANGUAGE_STANDARD = gnu99;
				GCC_VERSION = com.apple.compilers.llvmgcc42;
				GCC_WARN_ABOUT_RETURN_TYPE = YES;
				GCC_WARN_UNUSED_VARIABLE = YES;
				IPHONEOS_DEPLOYMENT_TARGET = 4.3;
				OTHER_CFLAGS = "-DNS_BLOCK_ASSERTIONS=1";
				SDKROOT = iphoneos;
			};
			name = Release;
		};
		BAD7B34E138FB04F0070E67D /* Debug */ = {
			isa = XCBuildConfiguration;
			buildSettings = {
				ALWAYS_SEARCH_USER_PATHS = NO;
				COPY_PHASE_STRIP = NO;
				GCC_DYNAMIC_NO_PIC = NO;
				GCC_PRECOMPILE_PREFIX_HEADER = YES;
				GCC_PREFIX_HEADER = "xo-json/xo-json-Prefix.pch";
				INFOPLIST_FILE = "xo-json/xo-json-Info.plist";
				PRODUCT_NAME = "$(TARGET_NAME)";
				WRAPPER_EXTENSION = app;
			};
			name = Debug;
		};
		BAD7B34F138FB04F0070E67D /* Release */ = {
			isa = XCBuildConfiguration;
			buildSettings = {
				ALWAYS_SEARCH_USER_PATHS = NO;
				COPY_PHASE_STRIP = YES;
				GCC_PRECOMPILE_PREFIX_HEADER = YES;
				GCC_PREFIX_HEADER = "xo-json/xo-json-Prefix.pch";
				INFOPLIST_FILE = "xo-json/xo-json-Info.plist";
				PRODUCT_NAME = "$(TARGET_NAME)";
				VALIDATE_PRODUCT = YES;
				WRAPPER_EXTENSION = app;
			};
			name = Release;
		};
/* End XCBuildConfiguration section */

/* Begin XCConfigurationList section */
		BAD7B326138FB04F0070E67D /* Build configuration list for PBXProject "xo-json" */ = {
			isa = XCConfigurationList;
			buildConfigurations = (
				BAD7B34B138FB04F0070E67D /* Debug */,
				BAD7B34C138FB04F0070E67D /* Release */,
			);
			defaultConfigurationIsVisible = 0;
			defaultConfigurationName = Release;
		};
		BAD7B34D138FB04F0070E67D /* Build configuration list for PBXNativeTarget "xo-json" */ = {
			isa = XCConfigurationList;
			buildConfigurations = (
				BAD7B34E138FB04F0070E67D /* Debug */,
				BAD7B34F138FB04F0070E67D /* Release */,
			);
			defaultConfigurationIsVisible = 0;
			defaultConfigurationName = Release;
		};
/* End XCConfigurationList section */
	};
	rootObject = BAD7B323138FB04F0070E67D /* Project object */;
}
